
Microsoft Visual Studio Solution File, Format Version 12.00
# Visual Studio Version 17
VisualStudioVersion = 17.12.35527.113
MinimumVisualStudioVersion = 10.0.40219.1
Project("{2150E333-8FDC-42A3-9474-1A3956D46DE8}") = "Enums", "Enums", "{73C9B08A-78E4-4E46-A447-B15341B5176F}"
EndProject
Project("{2150E333-8FDC-42A3-9474-1A3956D46DE8}") = "Properties", "Properties", "{1E5DFA0E-01BC-4ED9-821F-B7F8A4837E97}"
EndProject
Project("{2150E333-8FDC-42A3-9474-1A3956D46DE8}") = "Multi-Dimensional Arrays", "Multi-Dimensional Arrays", "{175AB682-2241-40C6-815A-1514DCE74567}"
EndProject
Project("{2150E333-8FDC-42A3-9474-1A3956D46DE8}") = "Nested Loops", "Nested Loops", "{2CBE4038-1478-4690-865B-7924067E8A5A}"
EndProject
Project("{2150E333-8FDC-42A3-9474-1A3956D46DE8}") = "Recursion", "Recursion", "{1EBA730D-7FD2-4718-9BF3-A89854D1F445}"
EndProject
Project("{2150E333-8FDC-42A3-9474-1A3956D46DE8}") = "Dictionary", "Dictionary", "{9072BA3E-AAE7-4FE1-87D6-97ED4267629F}"
EndProject
Project("{2150E333-8FDC-42A3-9474-1A3956D46DE8}") = "Other Collections", "Other Collections", "{6E119E87-0E7D-44B7-AF54-0AD416FF1D48}"
	ProjectSection(SolutionItems) = preProject
		Description.txt = Description.txt
	EndProjectSection
EndProject
Project("{2150E333-8FDC-42A3-9474-1A3956D46DE8}") = "Params", "Params", "{2D60014B-5006-4BA7-B491-7CE17F800AC3}"
EndProject
Project("{2150E333-8FDC-42A3-9474-1A3956D46DE8}") = "Optional Parameters", "Optional Parameters", "{59837223-8A76-4091-971E-E59EFDDC014A}"
EndProject
Project("{2150E333-8FDC-42A3-9474-1A3956D46DE8}") = "Value Types vs Reference Types", "Value Types vs Reference Types", "{BE9ECCDD-F092-4454-B0F8-B4CCE157A6D0}"
EndProject
Project("{2150E333-8FDC-42A3-9474-1A3956D46DE8}") = "Struct", "Struct", "{392295DB-E285-4DB7-9925-729FE80D39F1}"
EndProject
Project("{2150E333-8FDC-42A3-9474-1A3956D46DE8}") = "Class Intermediate", "Class Intermediate", "{97E9EA5F-B013-4EE9-872C-2FA607D25BCC}"
EndProject
Project("{2150E333-8FDC-42A3-9474-1A3956D46DE8}") = "Interfaces", "Interfaces", "{356F6E9B-A778-4332-BBE8-297E159F0B6C}"
EndProject
Project("{2150E333-8FDC-42A3-9474-1A3956D46DE8}") = "is as casting", "is as casting", "{A29C82A1-263E-4D72-BD8E-F39BE27BF291}"
EndProject
Project("{2150E333-8FDC-42A3-9474-1A3956D46DE8}") = "Switch Pattern Matching", "Switch Pattern Matching", "{5A215B8C-11BD-411B-BEE4-5383243F1550}"
EndProject
Project("{2150E333-8FDC-42A3-9474-1A3956D46DE8}") = "Local Functions vs Lambda", "Local Functions vs Lambda", "{11B819D2-6320-4578-B3FF-50B1A4A1D57B}"
EndProject
Project("{2150E333-8FDC-42A3-9474-1A3956D46DE8}") = "Events", "Events", "{50C79EC3-999D-4424-A1F9-4033160B733F}"
EndProject
Project("{2150E333-8FDC-42A3-9474-1A3956D46DE8}") = "Generics", "Generics", "{0978A5F4-62EF-4564-B488-72F6EC0BE38A}"
EndProject
Project("{2150E333-8FDC-42A3-9474-1A3956D46DE8}") = "Constants Readonly", "Constants Readonly", "{13EB94E9-B0E7-4DC8-AB37-D8723AED8C97}"
EndProject
Project("{2150E333-8FDC-42A3-9474-1A3956D46DE8}") = "Try Catch Exceptions", "Try Catch Exceptions", "{C0571E80-30F8-49A3-80ED-FCBE1EF2A1CF}"
EndProject
Project("{2150E333-8FDC-42A3-9474-1A3956D46DE8}") = "Namespaces", "Namespaces", "{919F2213-52CA-4482-B10B-AF9BDF62A64C}"
EndProject
Project("{2150E333-8FDC-42A3-9474-1A3956D46DE8}") = "IEnumerable", "IEnumerable", "{97DFA17C-06C9-4CE8-8031-246F930FCCC7}"
EndProject
Project("{2150E333-8FDC-42A3-9474-1A3956D46DE8}") = "Singleton Pattern", "Singleton Pattern", "{D184C0B8-3482-425F-A999-5746063FB685}"
EndProject
Project("{2150E333-8FDC-42A3-9474-1A3956D46DE8}") = "Design Patterns", "Design Patterns", "{321B167E-3E1F-48DF-8917-17793EAAC776}"
EndProject
Project("{2150E333-8FDC-42A3-9474-1A3956D46DE8}") = "Refactoring", "Refactoring", "{249338BB-89C1-4D52-97F8-264DEFBB83F9}"
EndProject
Project("{FAE04EC0-301F-11D3-BF4B-00C04F79EFBC}") = "Enums(ÁllapotGép)", "Enums\Enums(ÁllapotGép).csproj", "{4218D8BB-FFB1-462B-8D00-8CA04FF50AA7}"
EndProject
Project("{FAE04EC0-301F-11D3-BF4B-00C04F79EFBC}") = "Properties", "Properties\Properties.csproj", "{944D1260-C0ED-4F28-B295-73BD16778712}"
EndProject
Project("{FAE04EC0-301F-11D3-BF4B-00C04F79EFBC}") = "Multi-Dimensional Arrays", "Multi-Dimensional Arrays\Multi-Dimensional Arrays.csproj", "{D7510EBB-160E-4850-A378-567161BE9CA9}"
EndProject
Project("{FAE04EC0-301F-11D3-BF4B-00C04F79EFBC}") = "NestedLoops", "NestedLoops\NestedLoops.csproj", "{258FC3E6-F4EE-4982-AE0E-A9A3FDA75DF9}"
EndProject
Project("{FAE04EC0-301F-11D3-BF4B-00C04F79EFBC}") = "Recursion", "Recursion\Recursion.csproj", "{FF2593EE-7A5D-412D-8B4E-F0007175B60D}"
EndProject
Project("{FAE04EC0-301F-11D3-BF4B-00C04F79EFBC}") = "Dictionary", "Dictionary\Dictionary.csproj", "{BCC3A570-A054-430D-9469-90275BFC5318}"
EndProject
Project("{FAE04EC0-301F-11D3-BF4B-00C04F79EFBC}") = "Stack", "OtherCollections\Stack.csproj", "{4A4ADE3F-1FC3-4172-9493-BB444318FE54}"
EndProject
Project("{FAE04EC0-301F-11D3-BF4B-00C04F79EFBC}") = "Queue", "Queue\Queue.csproj", "{7FE2C44A-9FB1-4A5D-9C93-700FEC45279B}"
EndProject
Project("{FAE04EC0-301F-11D3-BF4B-00C04F79EFBC}") = "HashSet", "HashSet\HashSet.csproj", "{14BB7F92-C2D5-4980-A684-3A8E9949DD98}"
EndProject
Project("{FAE04EC0-301F-11D3-BF4B-00C04F79EFBC}") = "SortedList", "SortedList\SortedList.csproj", "{507D4037-E2E3-4158-B456-76FC8CC62412}"
EndProject
Project("{FAE04EC0-301F-11D3-BF4B-00C04F79EFBC}") = "Params", "Params\Params.csproj", "{D71CC468-494B-4DCC-85D0-081052EC060C}"
EndProject
Project("{FAE04EC0-301F-11D3-BF4B-00C04F79EFBC}") = "Optional Parameters", "Optional Parameters\Optional Parameters.csproj", "{0D7A592B-1498-4BB4-8D01-522BBE8E115B}"
EndProject
Project("{FAE04EC0-301F-11D3-BF4B-00C04F79EFBC}") = "Value Type vs Reference Types", "Value Type vs Reference Types\Value Type vs Reference Types.csproj", "{02DAAE25-8730-4766-B341-D6CD23022929}"
EndProject
Project("{FAE04EC0-301F-11D3-BF4B-00C04F79EFBC}") = "Struct", "Struct\Struct.csproj", "{60D9B5D1-8872-4537-A8BA-F320300A041F}"
EndProject
Project("{FAE04EC0-301F-11D3-BF4B-00C04F79EFBC}") = "Class Intermadiate", "Class Intermadiate\Class Intermadiate.csproj", "{C5A2DAC3-8EF3-47F1-896C-F9E9C39EFBF1}"
EndProject
Project("{2150E333-8FDC-42A3-9474-1A3956D46DE8}") = "WindosFroms", "WindosFroms", "{034C5317-FC8E-45B9-9BE6-897E4B456504}"
EndProject
Project("{FAE04EC0-301F-11D3-BF4B-00C04F79EFBC}") = "Interfaces", "Interfaces\Interfaces.csproj", "{8E9EDDE7-F81B-48AF-ABF8-A920AC7E69FC}"
EndProject
Project("{FAE04EC0-301F-11D3-BF4B-00C04F79EFBC}") = "IsAsCasting", "IsAsCasting\IsAsCasting.csproj", "{DBA51BA4-89C5-4346-875C-7DAAA01DB274}"
EndProject
Project("{FAE04EC0-301F-11D3-BF4B-00C04F79EFBC}") = "Switch Type Matching", "Switch Type Matching\Switch Type Matching.csproj", "{9C436F7B-E1A4-42C8-A062-1132B69C07B1}"
EndProject
Project("{2150E333-8FDC-42A3-9474-1A3956D46DE8}") = "Delegates", "Delegates", "{75C97C71-7A33-4506-BCC4-0D9546979E07}"
EndProject
Project("{FAE04EC0-301F-11D3-BF4B-00C04F79EFBC}") = "Delegates", "Delegates\Delegates.csproj", "{72531C70-301E-42EB-A7C7-069617CD8999}"
EndProject
Project("{FAE04EC0-301F-11D3-BF4B-00C04F79EFBC}") = "LocalFunctionsVSLamda", "LocalFunctionsVSLamda\LocalFunctionsVSLamda.csproj", "{6DED945E-D1ED-41A8-9504-A9725603DD08}"
EndProject
Project("{FAE04EC0-301F-11D3-BF4B-00C04F79EFBC}") = "Events", "Events\Events.csproj", "{A9DE8D1F-3EAD-41C4-B86C-12B405ED3035}"
EndProject
Project("{FAE04EC0-301F-11D3-BF4B-00C04F79EFBC}") = "Events2", "Events2\Events2.csproj", "{E2DBAEEB-2E71-443D-ABEF-B2B8F5D23E17}"
EndProject
Project("{FAE04EC0-301F-11D3-BF4B-00C04F79EFBC}") = "Generics", "Generics\Generics.csproj", "{920A3429-DE52-44A0-8545-2BB40F34D203}"
EndProject
Project("{FAE04EC0-301F-11D3-BF4B-00C04F79EFBC}") = "InventoryExample", "InventoryExample\InventoryExample.csproj", "{5A09EE26-A1A7-4B22-8F4B-CA4F222D8341}"
EndProject
Project("{FAE04EC0-301F-11D3-BF4B-00C04F79EFBC}") = "ConstantsAndReadonly", "ConstantsAndReadonly\ConstantsAndReadonly.csproj", "{51A0AE2C-95AF-402D-994C-6762B18226AD}"
EndProject
Project("{FAE04EC0-301F-11D3-BF4B-00C04F79EFBC}") = "TryCatchExeptions", "TryCatchExeptions\TryCatchExeptions.csproj", "{2B2E2F34-42E5-4F21-919B-F14B04C8C760}"
EndProject
Project("{FAE04EC0-301F-11D3-BF4B-00C04F79EFBC}") = "IEnumarable", "IEnumarable\IEnumarable.csproj", "{2F65D822-EA6F-47B5-A4C5-CDC933A6963A}"
EndProject
Project("{FAE04EC0-301F-11D3-BF4B-00C04F79EFBC}") = "NameSpaces", "NameSpaces\NameSpaces.csproj", "{01D51EEC-41CC-4BE9-AB67-9196EBDA1080}"
EndProject
Project("{FAE04EC0-301F-11D3-BF4B-00C04F79EFBC}") = "Singelton Pattern", "Singelton Pattern\Singelton Pattern.csproj", "{43134685-3C37-4698-97D8-446A1F01E310}"
EndProject
Project("{FAE04EC0-301F-11D3-BF4B-00C04F79EFBC}") = "Design Patterns", "Design Patterns\Design Patterns.csproj", "{B6277170-A547-4AB7-9708-85DBF80EF28B}"
EndProject
Project("{FAE04EC0-301F-11D3-BF4B-00C04F79EFBC}") = "StringBuilder", "StringBuilder\StringBuilder.csproj", "{F8821B15-37AA-45CA-89D4-5CF95E40498C}"
EndProject
Project("{2150E333-8FDC-42A3-9474-1A3956D46DE8}") = "StringBuilder", "StringBuilder", "{3C749F6C-5A8D-475D-BDE3-C4C09A798E68}"
EndProject
Project("{2150E333-8FDC-42A3-9474-1A3956D46DE8}") = "Basics", "Basics", "{517546A3-CA1B-4225-8880-4C4E31054675}"
EndProject
Project("{2150E333-8FDC-42A3-9474-1A3956D46DE8}") = "LinqSQL", "LinqSQL", "{43EB1295-2834-444F-980B-64A1DA6AED55}"
EndProject
Project("{2150E333-8FDC-42A3-9474-1A3956D46DE8}") = "Basics", "Basics", "{13B34CB7-D6F0-46E9-846A-5D3C0E7C3CD4}"
EndProject
Project("{2150E333-8FDC-42A3-9474-1A3956D46DE8}") = "Getting Started", "Getting Started", "{3AACDE0E-7AE1-4F5A-B9C7-39F610B91D7F}"
EndProject
Project("{FAE04EC0-301F-11D3-BF4B-00C04F79EFBC}") = "WinFormValidation", "WindosForms\WinFormValidation.csproj", "{147590DD-5730-4F80-AD10-92AC62F6C8C1}"
EndProject
Project("{FAE04EC0-301F-11D3-BF4B-00C04F79EFBC}") = "Getting Started", "LinqSQL\Getting Started\Getting Started.csproj", "{AC7DD7DE-0561-4ABC-8625-C9317FD93D0B}"
EndProject
Project("{2150E333-8FDC-42A3-9474-1A3956D46DE8}") = "ChainingQueryOperators", "ChainingQueryOperators", "{EEDCC8EA-ED8B-43DB-ABEE-9F176AD125B2}"
EndProject
Project("{FAE04EC0-301F-11D3-BF4B-00C04F79EFBC}") = "ChainingQueryOperators", "LinqSQL\ChainingQueryOperators\ChainingQueryOperators.csproj", "{E8719770-64B9-40FE-A883-15F5B7FE1E59}"
EndProject
Project("{2150E333-8FDC-42A3-9474-1A3956D46DE8}") = "Natural Ordering", "Natural Ordering", "{A7BB7178-90B5-4D7C-BDB0-21492BC151B3}"
EndProject
Project("{FAE04EC0-301F-11D3-BF4B-00C04F79EFBC}") = "NaturalOrdering", "LinqSQL\NaturalOrdering\NaturalOrdering\NaturalOrdering.csproj", "{542D9EC0-DA58-4646-8806-543DCF879726}"
EndProject
Project("{2150E333-8FDC-42A3-9474-1A3956D46DE8}") = "Query Expressions", "Query Expressions", "{E9325631-EC4F-4F92-A9EC-27A8CC818E22}"
EndProject
Project("{FAE04EC0-301F-11D3-BF4B-00C04F79EFBC}") = "QueryExpressions", "LinqSQL\Query Expressions\QueryExpressions\QueryExpressions.csproj", "{4128EF1A-A34C-44F4-AB97-6B19B6DB36B7}"
EndProject
Project("{2150E333-8FDC-42A3-9474-1A3956D46DE8}") = "Range Variables", "Range Variables", "{560D23C4-572A-47A4-8157-43A7B58D7E59}"
EndProject
Project("{FAE04EC0-301F-11D3-BF4B-00C04F79EFBC}") = "RangeVariables", "LinqSQL\RangeVariables\RangeVariables.csproj", "{B50E1E6F-44DC-43E2-B166-3C408329F576}"
EndProject
Project("{2150E333-8FDC-42A3-9474-1A3956D46DE8}") = "SQLite", "SQLite", "{B0184E23-2C04-4B9E-8A11-0B4887BE5651}"
EndProject
Project("{FAE04EC0-301F-11D3-BF4B-00C04F79EFBC}") = "SQlite Connecntion", "LinqSQL\SQlite Connecntion\SQlite Connecntion.csproj", "{B21B1EF0-97BF-4119-A757-00DBD577E83E}"
EndProject
Project("{FAE04EC0-301F-11D3-BF4B-00C04F79EFBC}") = "MSSQL Connection", "LinqSQL\MSSQL Connection\MSSQL Connection\MSSQL Connection.csproj", "{9609CD98-CE45-42FA-AB23-06343B9E7287}"
EndProject
Project("{2150E333-8FDC-42A3-9474-1A3956D46DE8}") = "MSSQLConnection", "MSSQLConnection", "{0369EECF-8D50-4677-BB4F-D6C24C955D94}"
EndProject
Project("{2150E333-8FDC-42A3-9474-1A3956D46DE8}") = "SQL Access", "SQL Access", "{5B7A79C4-0BC9-4BF8-937D-A0ACFE9D67A3}"
EndProject
Project("{2150E333-8FDC-42A3-9474-1A3956D46DE8}") = "EF", "EF", "{77D16834-8B7E-4B30-B1C7-83FAD71E12B3}"
EndProject
Project("{FAE04EC0-301F-11D3-BF4B-00C04F79EFBC}") = "EFCoreAccess", "LinqSQL\CSharp-Access-SQLServer\EFCoreAccess\EFCoreAccess.csproj", "{E27E8CDD-90F5-4C29-9C3C-F93DF092C2B4}"
EndProject
Project("{2150E333-8FDC-42A3-9474-1A3956D46DE8}") = "MixedSyntaxQueries", "MixedSyntaxQueries", "{6F0C366C-D8EE-43A3-ADF3-B72CFEE3AA26}"
EndProject
Project("{FAE04EC0-301F-11D3-BF4B-00C04F79EFBC}") = "MixedSyntaxQueries", "LinqSQL\Basics\MixedSyntaxQueries\MixedSyntaxQueries.csproj", "{77D0C0B1-E7AD-4CAC-9AB7-721679FB2CFB}"
EndProject
Project("{2150E333-8FDC-42A3-9474-1A3956D46DE8}") = "DeferredExecution", "DeferredExecution", "{21A960EE-D957-4C33-93C5-7B2383EE7029}"
EndProject
Project("{FAE04EC0-301F-11D3-BF4B-00C04F79EFBC}") = "DeferredExecution", "LinqSQL\Basics\DeferredExecution\DeferredExecution.csproj", "{92904E4D-7946-4AF6-AA81-1BFFDA905C92}"
EndProject
Project("{2150E333-8FDC-42A3-9474-1A3956D46DE8}") = "Reevaluation", "Reevaluation", "{03220DAF-EA09-4E8A-8DAF-154212020C74}"
EndProject
Project("{FAE04EC0-301F-11D3-BF4B-00C04F79EFBC}") = "Reevaluation", "LinqSQL\Basics\Reevaluation\Reevaluation.csproj", "{040C815C-CC5D-45F2-B3A5-E38246E51BCD}"
EndProject
Project("{2150E333-8FDC-42A3-9474-1A3956D46DE8}") = "Captured Variables", "Captured Variables", "{F882FB83-2F79-4425-97A7-49D0CD21A1F8}"
EndProject
Project("{FAE04EC0-301F-11D3-BF4B-00C04F79EFBC}") = "CapturedVariables", "LinqSQL\Basics\CapturedVariables\CapturedVariables.csproj", "{80D3CEB3-257F-4B15-ACC8-38ABECC37CEC}"
EndProject
Project("{2150E333-8FDC-42A3-9474-1A3956D46DE8}") = "How Deferred Execution Works", "How Deferred Execution Works", "{7AC10FDC-9E61-4E04-83D3-864E3312F6E7}"
EndProject
Project("{FAE04EC0-301F-11D3-BF4B-00C04F79EFBC}") = "HowDeferredExecutionWorks", "LinqSQL\Basics\HowDeferredExecutionWorks\HowDeferredExecutionWorks.csproj", "{655174C8-F2FC-4222-9C43-87BC72D8B283}"
EndProject
Project("{2150E333-8FDC-42A3-9474-1A3956D46DE8}") = "Chaining Decorators", "Chaining Decorators", "{8436B054-558B-4B28-97C4-177CBB132413}"
EndProject
Project("{FAE04EC0-301F-11D3-BF4B-00C04F79EFBC}") = "ChainingDecorators", "LinqSQL\Basics\ChainingDecorators\ChainingDecorators.csproj", "{B8AFD24A-5915-476B-9679-7D37E71807B2}"
EndProject
Project("{2150E333-8FDC-42A3-9474-1A3956D46DE8}") = "Subquery", "Subquery", "{324FE2CF-0AAB-44F2-B9D0-6682F9638501}"
EndProject
Project("{FAE04EC0-301F-11D3-BF4B-00C04F79EFBC}") = "Subquery", "LinqSQL\Basics\Subquery\Subquery.csproj", "{0269A680-A22C-4B8E-9726-525A8621750D}"
EndProject
Project("{2150E333-8FDC-42A3-9474-1A3956D46DE8}") = "Composition Strategies", "Composition Strategies", "{6FE7DFCF-B1EA-4A02-A0E7-E66C89CD3500}"
EndProject
Project("{2150E333-8FDC-42A3-9474-1A3956D46DE8}") = "ProgressiveQueryBuilding", "ProgressiveQueryBuilding", "{4B82730E-7580-431A-AAB4-4B935B278DC4}"
EndProject
Project("{FAE04EC0-301F-11D3-BF4B-00C04F79EFBC}") = "ProgressiveQueryBuilding", "LinqSQL\Basics\Composition Strategies\ProgressiveQueryBuilding\ProgressiveQueryBuilding.csproj", "{2596DA6E-14A4-470F-81C4-2D6DBA79C396}"
EndProject
Project("{2150E333-8FDC-42A3-9474-1A3956D46DE8}") = "TheIntoKeyword", "TheIntoKeyword", "{774A466A-19A5-4EBD-AE6A-FF2BF0FD056B}"
EndProject
Project("{FAE04EC0-301F-11D3-BF4B-00C04F79EFBC}") = "TheíintoKeyword", "LinqSQL\Basics\Composition Strategies\TheíintoKeyword\TheíintoKeyword.csproj", "{496C364C-828F-4AB9-83DE-2FAB87C29EF4}"
EndProject
Project("{2150E333-8FDC-42A3-9474-1A3956D46DE8}") = "Scoping Rules", "Scoping Rules", "{88EEDDD8-0EF7-4514-8CFA-34B36CB03438}"
EndProject
Project("{FAE04EC0-301F-11D3-BF4B-00C04F79EFBC}") = "ScopingRules", "LinqSQL\Basics\Composition Strategies\ScopingRules\ScopingRules.csproj", "{ED47221D-A04B-4301-9F78-681FDD05AD53}"
EndProject
Project("{2150E333-8FDC-42A3-9474-1A3956D46DE8}") = "Wrapping Queries", "Wrapping Queries", "{1769639E-7680-4CFD-94FC-36887EBC1F59}"
EndProject
Project("{FAE04EC0-301F-11D3-BF4B-00C04F79EFBC}") = "WrappingQueries", "LinqSQL\Basics\Composition Strategies\WrappingQueries\WrappingQueries.csproj", "{DA45B33F-601A-4E08-94C0-B93F4D7A5221}"
EndProject
Project("{2150E333-8FDC-42A3-9474-1A3956D46DE8}") = "Projection Strategies", "Projection Strategies", "{ED0102C1-CCE4-46DA-B6D3-8B7EC7494B8D}"
EndProject
Project("{2150E333-8FDC-42A3-9474-1A3956D46DE8}") = "Object Initializers", "Object Initializers", "{B934AC72-58E1-4721-8CB8-595DA41EFA54}"
EndProject
Project("{FAE04EC0-301F-11D3-BF4B-00C04F79EFBC}") = "Object Initializers", "LinqSQL\Basics\Projection Strategies\Object Initializers\Object Initializers.csproj", "{67FD6957-86EA-4D4B-83C7-21EE2124F1FC}"
EndProject
Project("{FAE04EC0-301F-11D3-BF4B-00C04F79EFBC}") = "AnonymousTypes", "LinqSQL\Basics\Projection Strategies\AnonymousTypes\AnonymousTypes.csproj", "{A86A03AE-FD39-466C-8D30-70969B77F2E9}"
EndProject
Project("{2150E333-8FDC-42A3-9474-1A3956D46DE8}") = "AnonymousTypes", "AnonymousTypes", "{F1C43FDF-BAAB-4F6E-BE9A-F8590790A0C9}"
EndProject
Project("{2150E333-8FDC-42A3-9474-1A3956D46DE8}") = "The let Keyword", "The let Keyword", "{9B0AAC51-EF7E-47CC-AF18-4035F5B32FA2}"
EndProject
Project("{FAE04EC0-301F-11D3-BF4B-00C04F79EFBC}") = "The let Keyword", "LinqSQL\Basics\Projection Strategies\The let Keyword\The let Keyword.csproj", "{5105A4B0-9B98-4FCA-9431-077B27935B16}"
EndProject
Project("{2150E333-8FDC-42A3-9474-1A3956D46DE8}") = "Interpreted Queries", "Interpreted Queries", "{8027BBAA-CA9B-4772-AC6D-7B542373EE84}"
EndProject
Project("{FAE04EC0-301F-11D3-BF4B-00C04F79EFBC}") = "Interpreted Queries", "LinqSQL\Basics\Interpreted Queries\Interpreted Queries\Interpreted Queries.csproj", "{BB1FB11B-8DA1-49C8-9C64-71F770B10D0C}"
EndProject
Project("{2150E333-8FDC-42A3-9474-1A3956D46DE8}") = "Combining Interpreted and Local Queries", "Combining Interpreted and Local Queries", "{AF1E6FAF-5E93-4EE9-BC67-C136E51BF312}"
EndProject
Project("{FAE04EC0-301F-11D3-BF4B-00C04F79EFBC}") = "CombiningInterpretedandLocalQueries", "LinqSQL\Basics\Interpreted Queries\Combining Interpreted and Local Queries\CombiningInterpretedandLocalQueries\CombiningInterpretedandLocalQueries.csproj", "{C37E8187-C021-4C87-A3B6-4459FB0C7326}"
EndProject
Project("{2150E333-8FDC-42A3-9474-1A3956D46DE8}") = "AsEnumerable", "AsEnumerable", "{5F84C5FF-33FD-4AB8-9617-364002579448}"
EndProject
Project("{FAE04EC0-301F-11D3-BF4B-00C04F79EFBC}") = "AsEnumerable", "LinqSQL\Basics\Interpreted Queries\AsEnumerable\AsEnumerable.csproj", "{80B40910-4863-4507-BB20-85365C0D0031}"
EndProject
Project("{2150E333-8FDC-42A3-9474-1A3956D46DE8}") = "EF Core", "EF Core", "{AA9C0A15-55AC-48F6-856A-4F9FD1BE812C}"
	ProjectSection(SolutionItems) = preProject
		Description.txt = Description.txt
	EndProjectSection
EndProject
Project("{FAE04EC0-301F-11D3-BF4B-00C04F79EFBC}") = "UsingDbContext", "LinqSQL\Basics\EF Core\Using DbContext\UsingDbContext.csproj", "{FAC446AE-D55F-4082-B05D-BDBC768C2F40}"
EndProject
Project("{2150E333-8FDC-42A3-9474-1A3956D46DE8}") = "DapperAccess", "DapperAccess", "{564FAE3D-F330-4879-B5BF-3EFD2FC3B9AD}"
EndProject
Project("{FAE04EC0-301F-11D3-BF4B-00C04F79EFBC}") = "DapperAccess", "LinqSQL\DapperAccess\DapperAccess.csproj", "{019BE330-136F-4C19-BB22-BDCA06DB9417}"
EndProject
Project("{2150E333-8FDC-42A3-9474-1A3956D46DE8}") = "Navigation Properties", "Navigation Properties", "{3B34AACA-DB3F-4C4B-8275-E0A987D70C0E}"
EndProject
Project("{FAE04EC0-301F-11D3-BF4B-00C04F79EFBC}") = "NavigationProperties", "LinqSQL\Basics\EF Core\Navigation Properties\NavigationProperties\NavigationProperties.csproj", "{23206A28-9E0B-40DC-BBE4-7E6AADD26633}"
EndProject
Project("{2150E333-8FDC-42A3-9474-1A3956D46DE8}") = "Building Query Expressions", "Building Query Expressions", "{67930FC7-9026-4426-8E51-3FD1C890891C}"
EndProject
Project("{2150E333-8FDC-42A3-9474-1A3956D46DE8}") = "NewFolder1", "NewFolder1", "{4933F9BA-9DAD-4FE3-BA98-B4D85AF936B7}"
EndProject
Project("{FAE04EC0-301F-11D3-BF4B-00C04F79EFBC}") = "BuildingQueryExpressions", "LinqSQL\Basics\Building Query Expressions\BuildingQueryExpressions\BuildingQueryExpressions.csproj", "{64E47D24-D08F-4B7F-927A-111EF8FE8223}"
EndProject
Project("{2150E333-8FDC-42A3-9474-1A3956D46DE8}") = "LINQ Operators", "LINQ Operators", "{893E7402-2C62-49A5-B35C-752B3D8A6A50}"
EndProject
Project("{2150E333-8FDC-42A3-9474-1A3956D46DE8}") = "base", "base", "{C7B0E971-CB76-4DA1-8125-38407FA726DC}"
EndProject
Project("{FAE04EC0-301F-11D3-BF4B-00C04F79EFBC}") = "LINQOperators", "LinqSQL\LINQ Operators\base\LINQOperators\LINQOperators.csproj", "{90A29F9F-C71B-4CF7-B3C7-50BC9D004DE3}"
EndProject
Project("{2150E333-8FDC-42A3-9474-1A3956D46DE8}") = "Concurrency and Asynchrony", "Concurrency and Asynchrony", "{A60606AF-30E6-4F95-B99D-1BBD2495811E}"
EndProject
Project("{FAE04EC0-301F-11D3-BF4B-00C04F79EFBC}") = "ConcurrencyAandAsynchrony", "Concurrency and Asynchrony\ConcurrencyAandAsynchrony\ConcurrencyAandAsynchrony.csproj", "{2BAFCFA3-97EF-47D9-BBF4-95D92DBB48B1}"
EndProject
Project("{2150E333-8FDC-42A3-9474-1A3956D46DE8}") = "FinancialTradingPlatformApplication", "FinancialTradingPlatformApplication", "{3C893455-E386-4654-A66C-A6477F310A61}"
EndProject
Project("{FAE04EC0-301F-11D3-BF4B-00C04F79EFBC}") = "FinancialTradingPlatfromApplication", "Concurrency and Asynchrony\FinancialTradingPlatfromApplication\FinancialTradingPlatfromApplication.csproj", "{5911CF66-BBD9-4C26-80D9-1A26C028DF5A}"
EndProject
Project("{2150E333-8FDC-42A3-9474-1A3956D46DE8}") = "FinancialTradingPlatfromUWP", "FinancialTradingPlatfromUWP", "{49E4A5EF-095E-4646-91F1-BE75475CF8F2}"
EndProject
Project("{FAE04EC0-301F-11D3-BF4B-00C04F79EFBC}") = "StockMarketComponent", "Concurrency and Asynchrony\StockMarketComponent\StockMarketComponent\StockMarketComponent.csproj", "{0D3DC3E2-6919-4CCC-BD65-13F89C2B7F79}"
EndProject
Project("{FAE04EC0-301F-11D3-BF4B-00C04F79EFBC}") = "StockMarketDataAnalysisWepApi_SAAS", "StockMarketDataAnalysisWepApi_SAAS\StockMarketDataAnalysisWepApi_SAAS.csproj", "{1E6BE490-9DED-4352-93D7-EF9605A96E26}"
EndProject
Project("{FAE04EC0-301F-11D3-BF4B-00C04F79EFBC}") = "CancelDownloadAsyncOperationFORMS", "Concurrency and Asynchrony\CancelDownloadAsyncOperationFORMS\CancelDownloadAsyncOperationFORMS\CancelDownloadAsyncOperationFORMS.csproj", "{50886515-503A-40A5-9C49-D6D3BA11FC32}"
EndProject
Project("{2150E333-8FDC-42A3-9474-1A3956D46DE8}") = "CPU Bound", "CPU Bound", "{9A2B0D28-D019-4829-A9EB-E56D528C76FB}"
EndProject
Project("{FAE04EC0-301F-11D3-BF4B-00C04F79EFBC}") = "Cpu Bound", "Concurrency and Asynchrony\CPU bound\Cpu Bound\Cpu Bound.csproj", "{B5281B36-E768-49A8-AE52-609A1D635DEF}"
EndProject
Project("{FAE04EC0-301F-11D3-BF4B-00C04F79EFBC}") = "Tasks", "Concurrency and Asynchrony\Tasks\Tasks\Tasks.csproj", "{2F73259D-1FB8-4B6A-9550-BEFF8301589A}"
EndProject
Global
	GlobalSection(SolutionConfigurationPlatforms) = preSolution
		Debug|Any CPU = Debug|Any CPU
		Release|Any CPU = Release|Any CPU
	EndGlobalSection
	GlobalSection(ProjectConfigurationPlatforms) = postSolution
		{4218D8BB-FFB1-462B-8D00-8CA04FF50AA7}.Debug|Any CPU.ActiveCfg = Debug|Any CPU
		{4218D8BB-FFB1-462B-8D00-8CA04FF50AA7}.Debug|Any CPU.Build.0 = Debug|Any CPU
		{4218D8BB-FFB1-462B-8D00-8CA04FF50AA7}.Release|Any CPU.ActiveCfg = Release|Any CPU
		{4218D8BB-FFB1-462B-8D00-8CA04FF50AA7}.Release|Any CPU.Build.0 = Release|Any CPU
		{944D1260-C0ED-4F28-B295-73BD16778712}.Debug|Any CPU.ActiveCfg = Debug|Any CPU
		{944D1260-C0ED-4F28-B295-73BD16778712}.Debug|Any CPU.Build.0 = Debug|Any CPU
		{944D1260-C0ED-4F28-B295-73BD16778712}.Release|Any CPU.ActiveCfg = Release|Any CPU
		{944D1260-C0ED-4F28-B295-73BD16778712}.Release|Any CPU.Build.0 = Release|Any CPU
		{D7510EBB-160E-4850-A378-567161BE9CA9}.Debug|Any CPU.ActiveCfg = Debug|Any CPU
		{D7510EBB-160E-4850-A378-567161BE9CA9}.Debug|Any CPU.Build.0 = Debug|Any CPU
		{D7510EBB-160E-4850-A378-567161BE9CA9}.Release|Any CPU.ActiveCfg = Release|Any CPU
		{D7510EBB-160E-4850-A378-567161BE9CA9}.Release|Any CPU.Build.0 = Release|Any CPU
		{258FC3E6-F4EE-4982-AE0E-A9A3FDA75DF9}.Debug|Any CPU.ActiveCfg = Debug|Any CPU
		{258FC3E6-F4EE-4982-AE0E-A9A3FDA75DF9}.Debug|Any CPU.Build.0 = Debug|Any CPU
		{258FC3E6-F4EE-4982-AE0E-A9A3FDA75DF9}.Release|Any CPU.ActiveCfg = Release|Any CPU
		{258FC3E6-F4EE-4982-AE0E-A9A3FDA75DF9}.Release|Any CPU.Build.0 = Release|Any CPU
		{FF2593EE-7A5D-412D-8B4E-F0007175B60D}.Debug|Any CPU.ActiveCfg = Debug|Any CPU
		{FF2593EE-7A5D-412D-8B4E-F0007175B60D}.Debug|Any CPU.Build.0 = Debug|Any CPU
		{FF2593EE-7A5D-412D-8B4E-F0007175B60D}.Release|Any CPU.ActiveCfg = Release|Any CPU
		{FF2593EE-7A5D-412D-8B4E-F0007175B60D}.Release|Any CPU.Build.0 = Release|Any CPU
		{BCC3A570-A054-430D-9469-90275BFC5318}.Debug|Any CPU.ActiveCfg = Debug|Any CPU
		{BCC3A570-A054-430D-9469-90275BFC5318}.Debug|Any CPU.Build.0 = Debug|Any CPU
		{BCC3A570-A054-430D-9469-90275BFC5318}.Release|Any CPU.ActiveCfg = Release|Any CPU
		{BCC3A570-A054-430D-9469-90275BFC5318}.Release|Any CPU.Build.0 = Release|Any CPU
		{4A4ADE3F-1FC3-4172-9493-BB444318FE54}.Debug|Any CPU.ActiveCfg = Debug|Any CPU
		{4A4ADE3F-1FC3-4172-9493-BB444318FE54}.Debug|Any CPU.Build.0 = Debug|Any CPU
		{4A4ADE3F-1FC3-4172-9493-BB444318FE54}.Release|Any CPU.ActiveCfg = Release|Any CPU
		{4A4ADE3F-1FC3-4172-9493-BB444318FE54}.Release|Any CPU.Build.0 = Release|Any CPU
		{7FE2C44A-9FB1-4A5D-9C93-700FEC45279B}.Debug|Any CPU.ActiveCfg = Debug|Any CPU
		{7FE2C44A-9FB1-4A5D-9C93-700FEC45279B}.Debug|Any CPU.Build.0 = Debug|Any CPU
		{7FE2C44A-9FB1-4A5D-9C93-700FEC45279B}.Release|Any CPU.ActiveCfg = Release|Any CPU
		{7FE2C44A-9FB1-4A5D-9C93-700FEC45279B}.Release|Any CPU.Build.0 = Release|Any CPU
		{14BB7F92-C2D5-4980-A684-3A8E9949DD98}.Debug|Any CPU.ActiveCfg = Debug|Any CPU
		{14BB7F92-C2D5-4980-A684-3A8E9949DD98}.Debug|Any CPU.Build.0 = Debug|Any CPU
		{14BB7F92-C2D5-4980-A684-3A8E9949DD98}.Release|Any CPU.ActiveCfg = Release|Any CPU
		{14BB7F92-C2D5-4980-A684-3A8E9949DD98}.Release|Any CPU.Build.0 = Release|Any CPU
		{507D4037-E2E3-4158-B456-76FC8CC62412}.Debug|Any CPU.ActiveCfg = Debug|Any CPU
		{507D4037-E2E3-4158-B456-76FC8CC62412}.Debug|Any CPU.Build.0 = Debug|Any CPU
		{507D4037-E2E3-4158-B456-76FC8CC62412}.Release|Any CPU.ActiveCfg = Release|Any CPU
		{507D4037-E2E3-4158-B456-76FC8CC62412}.Release|Any CPU.Build.0 = Release|Any CPU
		{D71CC468-494B-4DCC-85D0-081052EC060C}.Debug|Any CPU.ActiveCfg = Debug|Any CPU
		{D71CC468-494B-4DCC-85D0-081052EC060C}.Debug|Any CPU.Build.0 = Debug|Any CPU
		{D71CC468-494B-4DCC-85D0-081052EC060C}.Release|Any CPU.ActiveCfg = Release|Any CPU
		{D71CC468-494B-4DCC-85D0-081052EC060C}.Release|Any CPU.Build.0 = Release|Any CPU
		{0D7A592B-1498-4BB4-8D01-522BBE8E115B}.Debug|Any CPU.ActiveCfg = Debug|Any CPU
		{0D7A592B-1498-4BB4-8D01-522BBE8E115B}.Debug|Any CPU.Build.0 = Debug|Any CPU
		{0D7A592B-1498-4BB4-8D01-522BBE8E115B}.Release|Any CPU.ActiveCfg = Release|Any CPU
		{0D7A592B-1498-4BB4-8D01-522BBE8E115B}.Release|Any CPU.Build.0 = Release|Any CPU
		{02DAAE25-8730-4766-B341-D6CD23022929}.Debug|Any CPU.ActiveCfg = Debug|Any CPU
		{02DAAE25-8730-4766-B341-D6CD23022929}.Debug|Any CPU.Build.0 = Debug|Any CPU
		{02DAAE25-8730-4766-B341-D6CD23022929}.Release|Any CPU.ActiveCfg = Release|Any CPU
		{02DAAE25-8730-4766-B341-D6CD23022929}.Release|Any CPU.Build.0 = Release|Any CPU
		{60D9B5D1-8872-4537-A8BA-F320300A041F}.Debug|Any CPU.ActiveCfg = Debug|Any CPU
		{60D9B5D1-8872-4537-A8BA-F320300A041F}.Debug|Any CPU.Build.0 = Debug|Any CPU
		{60D9B5D1-8872-4537-A8BA-F320300A041F}.Release|Any CPU.ActiveCfg = Release|Any CPU
		{60D9B5D1-8872-4537-A8BA-F320300A041F}.Release|Any CPU.Build.0 = Release|Any CPU
		{C5A2DAC3-8EF3-47F1-896C-F9E9C39EFBF1}.Debug|Any CPU.ActiveCfg = Debug|Any CPU
		{C5A2DAC3-8EF3-47F1-896C-F9E9C39EFBF1}.Debug|Any CPU.Build.0 = Debug|Any CPU
		{C5A2DAC3-8EF3-47F1-896C-F9E9C39EFBF1}.Release|Any CPU.ActiveCfg = Release|Any CPU
		{C5A2DAC3-8EF3-47F1-896C-F9E9C39EFBF1}.Release|Any CPU.Build.0 = Release|Any CPU
		{8E9EDDE7-F81B-48AF-ABF8-A920AC7E69FC}.Debug|Any CPU.ActiveCfg = Debug|Any CPU
		{8E9EDDE7-F81B-48AF-ABF8-A920AC7E69FC}.Debug|Any CPU.Build.0 = Debug|Any CPU
		{8E9EDDE7-F81B-48AF-ABF8-A920AC7E69FC}.Release|Any CPU.ActiveCfg = Release|Any CPU
		{8E9EDDE7-F81B-48AF-ABF8-A920AC7E69FC}.Release|Any CPU.Build.0 = Release|Any CPU
		{DBA51BA4-89C5-4346-875C-7DAAA01DB274}.Debug|Any CPU.ActiveCfg = Debug|Any CPU
		{DBA51BA4-89C5-4346-875C-7DAAA01DB274}.Debug|Any CPU.Build.0 = Debug|Any CPU
		{DBA51BA4-89C5-4346-875C-7DAAA01DB274}.Release|Any CPU.ActiveCfg = Release|Any CPU
		{DBA51BA4-89C5-4346-875C-7DAAA01DB274}.Release|Any CPU.Build.0 = Release|Any CPU
		{9C436F7B-E1A4-42C8-A062-1132B69C07B1}.Debug|Any CPU.ActiveCfg = Debug|Any CPU
		{9C436F7B-E1A4-42C8-A062-1132B69C07B1}.Debug|Any CPU.Build.0 = Debug|Any CPU
		{9C436F7B-E1A4-42C8-A062-1132B69C07B1}.Release|Any CPU.ActiveCfg = Release|Any CPU
		{9C436F7B-E1A4-42C8-A062-1132B69C07B1}.Release|Any CPU.Build.0 = Release|Any CPU
		{72531C70-301E-42EB-A7C7-069617CD8999}.Debug|Any CPU.ActiveCfg = Debug|Any CPU
		{72531C70-301E-42EB-A7C7-069617CD8999}.Debug|Any CPU.Build.0 = Debug|Any CPU
		{72531C70-301E-42EB-A7C7-069617CD8999}.Release|Any CPU.ActiveCfg = Release|Any CPU
		{72531C70-301E-42EB-A7C7-069617CD8999}.Release|Any CPU.Build.0 = Release|Any CPU
		{6DED945E-D1ED-41A8-9504-A9725603DD08}.Debug|Any CPU.ActiveCfg = Debug|Any CPU
		{6DED945E-D1ED-41A8-9504-A9725603DD08}.Debug|Any CPU.Build.0 = Debug|Any CPU
		{6DED945E-D1ED-41A8-9504-A9725603DD08}.Release|Any CPU.ActiveCfg = Release|Any CPU
		{6DED945E-D1ED-41A8-9504-A9725603DD08}.Release|Any CPU.Build.0 = Release|Any CPU
		{A9DE8D1F-3EAD-41C4-B86C-12B405ED3035}.Debug|Any CPU.ActiveCfg = Debug|Any CPU
		{A9DE8D1F-3EAD-41C4-B86C-12B405ED3035}.Debug|Any CPU.Build.0 = Debug|Any CPU
		{A9DE8D1F-3EAD-41C4-B86C-12B405ED3035}.Release|Any CPU.ActiveCfg = Release|Any CPU
		{A9DE8D1F-3EAD-41C4-B86C-12B405ED3035}.Release|Any CPU.Build.0 = Release|Any CPU
		{E2DBAEEB-2E71-443D-ABEF-B2B8F5D23E17}.Debug|Any CPU.ActiveCfg = Debug|Any CPU
		{E2DBAEEB-2E71-443D-ABEF-B2B8F5D23E17}.Debug|Any CPU.Build.0 = Debug|Any CPU
		{E2DBAEEB-2E71-443D-ABEF-B2B8F5D23E17}.Release|Any CPU.ActiveCfg = Release|Any CPU
		{E2DBAEEB-2E71-443D-ABEF-B2B8F5D23E17}.Release|Any CPU.Build.0 = Release|Any CPU
		{920A3429-DE52-44A0-8545-2BB40F34D203}.Debug|Any CPU.ActiveCfg = Debug|Any CPU
		{920A3429-DE52-44A0-8545-2BB40F34D203}.Debug|Any CPU.Build.0 = Debug|Any CPU
		{920A3429-DE52-44A0-8545-2BB40F34D203}.Release|Any CPU.ActiveCfg = Release|Any CPU
		{920A3429-DE52-44A0-8545-2BB40F34D203}.Release|Any CPU.Build.0 = Release|Any CPU
		{5A09EE26-A1A7-4B22-8F4B-CA4F222D8341}.Debug|Any CPU.ActiveCfg = Debug|Any CPU
		{5A09EE26-A1A7-4B22-8F4B-CA4F222D8341}.Debug|Any CPU.Build.0 = Debug|Any CPU
		{5A09EE26-A1A7-4B22-8F4B-CA4F222D8341}.Release|Any CPU.ActiveCfg = Release|Any CPU
		{5A09EE26-A1A7-4B22-8F4B-CA4F222D8341}.Release|Any CPU.Build.0 = Release|Any CPU
		{51A0AE2C-95AF-402D-994C-6762B18226AD}.Debug|Any CPU.ActiveCfg = Debug|Any CPU
		{51A0AE2C-95AF-402D-994C-6762B18226AD}.Debug|Any CPU.Build.0 = Debug|Any CPU
		{51A0AE2C-95AF-402D-994C-6762B18226AD}.Release|Any CPU.ActiveCfg = Release|Any CPU
		{51A0AE2C-95AF-402D-994C-6762B18226AD}.Release|Any CPU.Build.0 = Release|Any CPU
		{2B2E2F34-42E5-4F21-919B-F14B04C8C760}.Debug|Any CPU.ActiveCfg = Debug|Any CPU
		{2B2E2F34-42E5-4F21-919B-F14B04C8C760}.Debug|Any CPU.Build.0 = Debug|Any CPU
		{2B2E2F34-42E5-4F21-919B-F14B04C8C760}.Release|Any CPU.ActiveCfg = Release|Any CPU
		{2B2E2F34-42E5-4F21-919B-F14B04C8C760}.Release|Any CPU.Build.0 = Release|Any CPU
		{2F65D822-EA6F-47B5-A4C5-CDC933A6963A}.Debug|Any CPU.ActiveCfg = Debug|Any CPU
		{2F65D822-EA6F-47B5-A4C5-CDC933A6963A}.Debug|Any CPU.Build.0 = Debug|Any CPU
		{2F65D822-EA6F-47B5-A4C5-CDC933A6963A}.Release|Any CPU.ActiveCfg = Release|Any CPU
		{2F65D822-EA6F-47B5-A4C5-CDC933A6963A}.Release|Any CPU.Build.0 = Release|Any CPU
		{01D51EEC-41CC-4BE9-AB67-9196EBDA1080}.Debug|Any CPU.ActiveCfg = Debug|Any CPU
		{01D51EEC-41CC-4BE9-AB67-9196EBDA1080}.Debug|Any CPU.Build.0 = Debug|Any CPU
		{01D51EEC-41CC-4BE9-AB67-9196EBDA1080}.Release|Any CPU.ActiveCfg = Release|Any CPU
		{01D51EEC-41CC-4BE9-AB67-9196EBDA1080}.Release|Any CPU.Build.0 = Release|Any CPU
		{43134685-3C37-4698-97D8-446A1F01E310}.Debug|Any CPU.ActiveCfg = Debug|Any CPU
		{43134685-3C37-4698-97D8-446A1F01E310}.Debug|Any CPU.Build.0 = Debug|Any CPU
		{43134685-3C37-4698-97D8-446A1F01E310}.Release|Any CPU.ActiveCfg = Release|Any CPU
		{43134685-3C37-4698-97D8-446A1F01E310}.Release|Any CPU.Build.0 = Release|Any CPU
		{B6277170-A547-4AB7-9708-85DBF80EF28B}.Debug|Any CPU.ActiveCfg = Debug|Any CPU
		{B6277170-A547-4AB7-9708-85DBF80EF28B}.Debug|Any CPU.Build.0 = Debug|Any CPU
		{B6277170-A547-4AB7-9708-85DBF80EF28B}.Release|Any CPU.ActiveCfg = Release|Any CPU
		{B6277170-A547-4AB7-9708-85DBF80EF28B}.Release|Any CPU.Build.0 = Release|Any CPU
		{F8821B15-37AA-45CA-89D4-5CF95E40498C}.Debug|Any CPU.ActiveCfg = Debug|Any CPU
		{F8821B15-37AA-45CA-89D4-5CF95E40498C}.Debug|Any CPU.Build.0 = Debug|Any CPU
		{F8821B15-37AA-45CA-89D4-5CF95E40498C}.Release|Any CPU.ActiveCfg = Release|Any CPU
		{F8821B15-37AA-45CA-89D4-5CF95E40498C}.Release|Any CPU.Build.0 = Release|Any CPU
		{147590DD-5730-4F80-AD10-92AC62F6C8C1}.Debug|Any CPU.ActiveCfg = Debug|Any CPU
		{147590DD-5730-4F80-AD10-92AC62F6C8C1}.Debug|Any CPU.Build.0 = Debug|Any CPU
		{147590DD-5730-4F80-AD10-92AC62F6C8C1}.Release|Any CPU.ActiveCfg = Release|Any CPU
		{147590DD-5730-4F80-AD10-92AC62F6C8C1}.Release|Any CPU.Build.0 = Release|Any CPU
		{AC7DD7DE-0561-4ABC-8625-C9317FD93D0B}.Debug|Any CPU.ActiveCfg = Debug|Any CPU
		{AC7DD7DE-0561-4ABC-8625-C9317FD93D0B}.Debug|Any CPU.Build.0 = Debug|Any CPU
		{AC7DD7DE-0561-4ABC-8625-C9317FD93D0B}.Release|Any CPU.ActiveCfg = Release|Any CPU
		{AC7DD7DE-0561-4ABC-8625-C9317FD93D0B}.Release|Any CPU.Build.0 = Release|Any CPU
		{E8719770-64B9-40FE-A883-15F5B7FE1E59}.Debug|Any CPU.ActiveCfg = Debug|Any CPU
		{E8719770-64B9-40FE-A883-15F5B7FE1E59}.Debug|Any CPU.Build.0 = Debug|Any CPU
		{E8719770-64B9-40FE-A883-15F5B7FE1E59}.Release|Any CPU.ActiveCfg = Release|Any CPU
		{E8719770-64B9-40FE-A883-15F5B7FE1E59}.Release|Any CPU.Build.0 = Release|Any CPU
		{542D9EC0-DA58-4646-8806-543DCF879726}.Debug|Any CPU.ActiveCfg = Debug|Any CPU
		{542D9EC0-DA58-4646-8806-543DCF879726}.Debug|Any CPU.Build.0 = Debug|Any CPU
		{542D9EC0-DA58-4646-8806-543DCF879726}.Release|Any CPU.ActiveCfg = Release|Any CPU
		{542D9EC0-DA58-4646-8806-543DCF879726}.Release|Any CPU.Build.0 = Release|Any CPU
		{4128EF1A-A34C-44F4-AB97-6B19B6DB36B7}.Debug|Any CPU.ActiveCfg = Debug|Any CPU
		{4128EF1A-A34C-44F4-AB97-6B19B6DB36B7}.Debug|Any CPU.Build.0 = Debug|Any CPU
		{4128EF1A-A34C-44F4-AB97-6B19B6DB36B7}.Release|Any CPU.ActiveCfg = Release|Any CPU
		{4128EF1A-A34C-44F4-AB97-6B19B6DB36B7}.Release|Any CPU.Build.0 = Release|Any CPU
		{B50E1E6F-44DC-43E2-B166-3C408329F576}.Debug|Any CPU.ActiveCfg = Debug|Any CPU
		{B50E1E6F-44DC-43E2-B166-3C408329F576}.Debug|Any CPU.Build.0 = Debug|Any CPU
		{B50E1E6F-44DC-43E2-B166-3C408329F576}.Release|Any CPU.ActiveCfg = Release|Any CPU
		{B50E1E6F-44DC-43E2-B166-3C408329F576}.Release|Any CPU.Build.0 = Release|Any CPU
		{B21B1EF0-97BF-4119-A757-00DBD577E83E}.Debug|Any CPU.ActiveCfg = Debug|Any CPU
		{B21B1EF0-97BF-4119-A757-00DBD577E83E}.Debug|Any CPU.Build.0 = Debug|Any CPU
		{B21B1EF0-97BF-4119-A757-00DBD577E83E}.Release|Any CPU.ActiveCfg = Release|Any CPU
		{B21B1EF0-97BF-4119-A757-00DBD577E83E}.Release|Any CPU.Build.0 = Release|Any CPU
		{9609CD98-CE45-42FA-AB23-06343B9E7287}.Debug|Any CPU.ActiveCfg = Debug|Any CPU
		{9609CD98-CE45-42FA-AB23-06343B9E7287}.Debug|Any CPU.Build.0 = Debug|Any CPU
		{9609CD98-CE45-42FA-AB23-06343B9E7287}.Release|Any CPU.ActiveCfg = Release|Any CPU
		{9609CD98-CE45-42FA-AB23-06343B9E7287}.Release|Any CPU.Build.0 = Release|Any CPU
		{E27E8CDD-90F5-4C29-9C3C-F93DF092C2B4}.Debug|Any CPU.ActiveCfg = Debug|Any CPU
		{E27E8CDD-90F5-4C29-9C3C-F93DF092C2B4}.Debug|Any CPU.Build.0 = Debug|Any CPU
		{E27E8CDD-90F5-4C29-9C3C-F93DF092C2B4}.Release|Any CPU.ActiveCfg = Release|Any CPU
		{E27E8CDD-90F5-4C29-9C3C-F93DF092C2B4}.Release|Any CPU.Build.0 = Release|Any CPU
		{77D0C0B1-E7AD-4CAC-9AB7-721679FB2CFB}.Debug|Any CPU.ActiveCfg = Debug|Any CPU
		{77D0C0B1-E7AD-4CAC-9AB7-721679FB2CFB}.Debug|Any CPU.Build.0 = Debug|Any CPU
		{77D0C0B1-E7AD-4CAC-9AB7-721679FB2CFB}.Release|Any CPU.ActiveCfg = Release|Any CPU
		{77D0C0B1-E7AD-4CAC-9AB7-721679FB2CFB}.Release|Any CPU.Build.0 = Release|Any CPU
		{92904E4D-7946-4AF6-AA81-1BFFDA905C92}.Debug|Any CPU.ActiveCfg = Debug|Any CPU
		{92904E4D-7946-4AF6-AA81-1BFFDA905C92}.Debug|Any CPU.Build.0 = Debug|Any CPU
		{92904E4D-7946-4AF6-AA81-1BFFDA905C92}.Release|Any CPU.ActiveCfg = Release|Any CPU
		{92904E4D-7946-4AF6-AA81-1BFFDA905C92}.Release|Any CPU.Build.0 = Release|Any CPU
		{040C815C-CC5D-45F2-B3A5-E38246E51BCD}.Debug|Any CPU.ActiveCfg = Debug|Any CPU
		{040C815C-CC5D-45F2-B3A5-E38246E51BCD}.Debug|Any CPU.Build.0 = Debug|Any CPU
		{040C815C-CC5D-45F2-B3A5-E38246E51BCD}.Release|Any CPU.ActiveCfg = Release|Any CPU
		{040C815C-CC5D-45F2-B3A5-E38246E51BCD}.Release|Any CPU.Build.0 = Release|Any CPU
		{80D3CEB3-257F-4B15-ACC8-38ABECC37CEC}.Debug|Any CPU.ActiveCfg = Debug|Any CPU
		{80D3CEB3-257F-4B15-ACC8-38ABECC37CEC}.Debug|Any CPU.Build.0 = Debug|Any CPU
		{80D3CEB3-257F-4B15-ACC8-38ABECC37CEC}.Release|Any CPU.ActiveCfg = Release|Any CPU
		{80D3CEB3-257F-4B15-ACC8-38ABECC37CEC}.Release|Any CPU.Build.0 = Release|Any CPU
		{655174C8-F2FC-4222-9C43-87BC72D8B283}.Debug|Any CPU.ActiveCfg = Debug|Any CPU
		{655174C8-F2FC-4222-9C43-87BC72D8B283}.Debug|Any CPU.Build.0 = Debug|Any CPU
		{655174C8-F2FC-4222-9C43-87BC72D8B283}.Release|Any CPU.ActiveCfg = Release|Any CPU
		{655174C8-F2FC-4222-9C43-87BC72D8B283}.Release|Any CPU.Build.0 = Release|Any CPU
		{B8AFD24A-5915-476B-9679-7D37E71807B2}.Debug|Any CPU.ActiveCfg = Debug|Any CPU
		{B8AFD24A-5915-476B-9679-7D37E71807B2}.Debug|Any CPU.Build.0 = Debug|Any CPU
		{B8AFD24A-5915-476B-9679-7D37E71807B2}.Release|Any CPU.ActiveCfg = Release|Any CPU
		{B8AFD24A-5915-476B-9679-7D37E71807B2}.Release|Any CPU.Build.0 = Release|Any CPU
		{0269A680-A22C-4B8E-9726-525A8621750D}.Debug|Any CPU.ActiveCfg = Debug|Any CPU
		{0269A680-A22C-4B8E-9726-525A8621750D}.Debug|Any CPU.Build.0 = Debug|Any CPU
		{0269A680-A22C-4B8E-9726-525A8621750D}.Release|Any CPU.ActiveCfg = Release|Any CPU
		{0269A680-A22C-4B8E-9726-525A8621750D}.Release|Any CPU.Build.0 = Release|Any CPU
		{2596DA6E-14A4-470F-81C4-2D6DBA79C396}.Debug|Any CPU.ActiveCfg = Debug|Any CPU
		{2596DA6E-14A4-470F-81C4-2D6DBA79C396}.Debug|Any CPU.Build.0 = Debug|Any CPU
		{2596DA6E-14A4-470F-81C4-2D6DBA79C396}.Release|Any CPU.ActiveCfg = Release|Any CPU
		{2596DA6E-14A4-470F-81C4-2D6DBA79C396}.Release|Any CPU.Build.0 = Release|Any CPU
		{496C364C-828F-4AB9-83DE-2FAB87C29EF4}.Debug|Any CPU.ActiveCfg = Debug|Any CPU
		{496C364C-828F-4AB9-83DE-2FAB87C29EF4}.Debug|Any CPU.Build.0 = Debug|Any CPU
		{496C364C-828F-4AB9-83DE-2FAB87C29EF4}.Release|Any CPU.ActiveCfg = Release|Any CPU
		{496C364C-828F-4AB9-83DE-2FAB87C29EF4}.Release|Any CPU.Build.0 = Release|Any CPU
		{ED47221D-A04B-4301-9F78-681FDD05AD53}.Debug|Any CPU.ActiveCfg = Debug|Any CPU
		{ED47221D-A04B-4301-9F78-681FDD05AD53}.Debug|Any CPU.Build.0 = Debug|Any CPU
		{ED47221D-A04B-4301-9F78-681FDD05AD53}.Release|Any CPU.ActiveCfg = Release|Any CPU
		{ED47221D-A04B-4301-9F78-681FDD05AD53}.Release|Any CPU.Build.0 = Release|Any CPU
		{DA45B33F-601A-4E08-94C0-B93F4D7A5221}.Debug|Any CPU.ActiveCfg = Debug|Any CPU
		{DA45B33F-601A-4E08-94C0-B93F4D7A5221}.Debug|Any CPU.Build.0 = Debug|Any CPU
		{DA45B33F-601A-4E08-94C0-B93F4D7A5221}.Release|Any CPU.ActiveCfg = Release|Any CPU
		{DA45B33F-601A-4E08-94C0-B93F4D7A5221}.Release|Any CPU.Build.0 = Release|Any CPU
		{67FD6957-86EA-4D4B-83C7-21EE2124F1FC}.Debug|Any CPU.ActiveCfg = Debug|Any CPU
		{67FD6957-86EA-4D4B-83C7-21EE2124F1FC}.Debug|Any CPU.Build.0 = Debug|Any CPU
		{67FD6957-86EA-4D4B-83C7-21EE2124F1FC}.Release|Any CPU.ActiveCfg = Release|Any CPU
		{67FD6957-86EA-4D4B-83C7-21EE2124F1FC}.Release|Any CPU.Build.0 = Release|Any CPU
		{A86A03AE-FD39-466C-8D30-70969B77F2E9}.Debug|Any CPU.ActiveCfg = Debug|Any CPU
		{A86A03AE-FD39-466C-8D30-70969B77F2E9}.Debug|Any CPU.Build.0 = Debug|Any CPU
		{A86A03AE-FD39-466C-8D30-70969B77F2E9}.Release|Any CPU.ActiveCfg = Release|Any CPU
		{A86A03AE-FD39-466C-8D30-70969B77F2E9}.Release|Any CPU.Build.0 = Release|Any CPU
		{5105A4B0-9B98-4FCA-9431-077B27935B16}.Debug|Any CPU.ActiveCfg = Debug|Any CPU
		{5105A4B0-9B98-4FCA-9431-077B27935B16}.Debug|Any CPU.Build.0 = Debug|Any CPU
		{5105A4B0-9B98-4FCA-9431-077B27935B16}.Release|Any CPU.ActiveCfg = Release|Any CPU
		{5105A4B0-9B98-4FCA-9431-077B27935B16}.Release|Any CPU.Build.0 = Release|Any CPU
		{BB1FB11B-8DA1-49C8-9C64-71F770B10D0C}.Debug|Any CPU.ActiveCfg = Debug|Any CPU
		{BB1FB11B-8DA1-49C8-9C64-71F770B10D0C}.Debug|Any CPU.Build.0 = Debug|Any CPU
		{BB1FB11B-8DA1-49C8-9C64-71F770B10D0C}.Release|Any CPU.ActiveCfg = Release|Any CPU
		{BB1FB11B-8DA1-49C8-9C64-71F770B10D0C}.Release|Any CPU.Build.0 = Release|Any CPU
		{C37E8187-C021-4C87-A3B6-4459FB0C7326}.Debug|Any CPU.ActiveCfg = Debug|Any CPU
		{C37E8187-C021-4C87-A3B6-4459FB0C7326}.Debug|Any CPU.Build.0 = Debug|Any CPU
		{C37E8187-C021-4C87-A3B6-4459FB0C7326}.Release|Any CPU.ActiveCfg = Release|Any CPU
		{C37E8187-C021-4C87-A3B6-4459FB0C7326}.Release|Any CPU.Build.0 = Release|Any CPU
		{80B40910-4863-4507-BB20-85365C0D0031}.Debug|Any CPU.ActiveCfg = Debug|Any CPU
		{80B40910-4863-4507-BB20-85365C0D0031}.Debug|Any CPU.Build.0 = Debug|Any CPU
		{80B40910-4863-4507-BB20-85365C0D0031}.Release|Any CPU.ActiveCfg = Release|Any CPU
		{80B40910-4863-4507-BB20-85365C0D0031}.Release|Any CPU.Build.0 = Release|Any CPU
		{FAC446AE-D55F-4082-B05D-BDBC768C2F40}.Debug|Any CPU.ActiveCfg = Debug|Any CPU
		{FAC446AE-D55F-4082-B05D-BDBC768C2F40}.Debug|Any CPU.Build.0 = Debug|Any CPU
		{FAC446AE-D55F-4082-B05D-BDBC768C2F40}.Release|Any CPU.ActiveCfg = Release|Any CPU
		{FAC446AE-D55F-4082-B05D-BDBC768C2F40}.Release|Any CPU.Build.0 = Release|Any CPU
		{019BE330-136F-4C19-BB22-BDCA06DB9417}.Debug|Any CPU.ActiveCfg = Debug|Any CPU
		{019BE330-136F-4C19-BB22-BDCA06DB9417}.Debug|Any CPU.Build.0 = Debug|Any CPU
		{019BE330-136F-4C19-BB22-BDCA06DB9417}.Release|Any CPU.ActiveCfg = Release|Any CPU
		{019BE330-136F-4C19-BB22-BDCA06DB9417}.Release|Any CPU.Build.0 = Release|Any CPU
		{23206A28-9E0B-40DC-BBE4-7E6AADD26633}.Debug|Any CPU.ActiveCfg = Debug|Any CPU
		{23206A28-9E0B-40DC-BBE4-7E6AADD26633}.Debug|Any CPU.Build.0 = Debug|Any CPU
		{23206A28-9E0B-40DC-BBE4-7E6AADD26633}.Release|Any CPU.ActiveCfg = Release|Any CPU
		{23206A28-9E0B-40DC-BBE4-7E6AADD26633}.Release|Any CPU.Build.0 = Release|Any CPU
		{64E47D24-D08F-4B7F-927A-111EF8FE8223}.Debug|Any CPU.ActiveCfg = Debug|Any CPU
		{64E47D24-D08F-4B7F-927A-111EF8FE8223}.Debug|Any CPU.Build.0 = Debug|Any CPU
		{64E47D24-D08F-4B7F-927A-111EF8FE8223}.Release|Any CPU.ActiveCfg = Release|Any CPU
		{64E47D24-D08F-4B7F-927A-111EF8FE8223}.Release|Any CPU.Build.0 = Release|Any CPU
		{90A29F9F-C71B-4CF7-B3C7-50BC9D004DE3}.Debug|Any CPU.ActiveCfg = Debug|Any CPU
		{90A29F9F-C71B-4CF7-B3C7-50BC9D004DE3}.Debug|Any CPU.Build.0 = Debug|Any CPU
		{90A29F9F-C71B-4CF7-B3C7-50BC9D004DE3}.Release|Any CPU.ActiveCfg = Release|Any CPU
		{90A29F9F-C71B-4CF7-B3C7-50BC9D004DE3}.Release|Any CPU.Build.0 = Release|Any CPU
		{2BAFCFA3-97EF-47D9-BBF4-95D92DBB48B1}.Debug|Any CPU.ActiveCfg = Debug|Any CPU
		{2BAFCFA3-97EF-47D9-BBF4-95D92DBB48B1}.Debug|Any CPU.Build.0 = Debug|Any CPU
		{2BAFCFA3-97EF-47D9-BBF4-95D92DBB48B1}.Release|Any CPU.ActiveCfg = Release|Any CPU
		{2BAFCFA3-97EF-47D9-BBF4-95D92DBB48B1}.Release|Any CPU.Build.0 = Release|Any CPU
		{5911CF66-BBD9-4C26-80D9-1A26C028DF5A}.Debug|Any CPU.ActiveCfg = Debug|Any CPU
		{5911CF66-BBD9-4C26-80D9-1A26C028DF5A}.Debug|Any CPU.Build.0 = Debug|Any CPU
		{5911CF66-BBD9-4C26-80D9-1A26C028DF5A}.Release|Any CPU.ActiveCfg = Release|Any CPU
		{5911CF66-BBD9-4C26-80D9-1A26C028DF5A}.Release|Any CPU.Build.0 = Release|Any CPU
		{0D3DC3E2-6919-4CCC-BD65-13F89C2B7F79}.Debug|Any CPU.ActiveCfg = Debug|Any CPU
		{0D3DC3E2-6919-4CCC-BD65-13F89C2B7F79}.Debug|Any CPU.Build.0 = Debug|Any CPU
		{0D3DC3E2-6919-4CCC-BD65-13F89C2B7F79}.Release|Any CPU.ActiveCfg = Release|Any CPU
		{0D3DC3E2-6919-4CCC-BD65-13F89C2B7F79}.Release|Any CPU.Build.0 = Release|Any CPU
		{1E6BE490-9DED-4352-93D7-EF9605A96E26}.Debug|Any CPU.ActiveCfg = Debug|Any CPU
		{1E6BE490-9DED-4352-93D7-EF9605A96E26}.Debug|Any CPU.Build.0 = Debug|Any CPU
		{1E6BE490-9DED-4352-93D7-EF9605A96E26}.Release|Any CPU.ActiveCfg = Release|Any CPU
		{1E6BE490-9DED-4352-93D7-EF9605A96E26}.Release|Any CPU.Build.0 = Release|Any CPU
		{50886515-503A-40A5-9C49-D6D3BA11FC32}.Debug|Any CPU.ActiveCfg = Debug|Any CPU
		{50886515-503A-40A5-9C49-D6D3BA11FC32}.Debug|Any CPU.Build.0 = Debug|Any CPU
		{50886515-503A-40A5-9C49-D6D3BA11FC32}.Release|Any CPU.ActiveCfg = Release|Any CPU
		{50886515-503A-40A5-9C49-D6D3BA11FC32}.Release|Any CPU.Build.0 = Release|Any CPU
		{B5281B36-E768-49A8-AE52-609A1D635DEF}.Debug|Any CPU.ActiveCfg = Debug|Any CPU
		{B5281B36-E768-49A8-AE52-609A1D635DEF}.Debug|Any CPU.Build.0 = Debug|Any CPU
		{B5281B36-E768-49A8-AE52-609A1D635DEF}.Release|Any CPU.ActiveCfg = Release|Any CPU
		{B5281B36-E768-49A8-AE52-609A1D635DEF}.Release|Any CPU.Build.0 = Release|Any CPU
		{2F73259D-1FB8-4B6A-9550-BEFF8301589A}.Debug|Any CPU.ActiveCfg = Debug|Any CPU
		{2F73259D-1FB8-4B6A-9550-BEFF8301589A}.Debug|Any CPU.Build.0 = Debug|Any CPU
		{2F73259D-1FB8-4B6A-9550-BEFF8301589A}.Release|Any CPU.ActiveCfg = Release|Any CPU
		{2F73259D-1FB8-4B6A-9550-BEFF8301589A}.Release|Any CPU.Build.0 = Release|Any CPU
	EndGlobalSection
	GlobalSection(SolutionProperties) = preSolution
		HideSolutionNode = FALSE
	EndGlobalSection
	GlobalSection(NestedProjects) = preSolution
		{73C9B08A-78E4-4E46-A447-B15341B5176F} = {517546A3-CA1B-4225-8880-4C4E31054675}
		{1E5DFA0E-01BC-4ED9-821F-B7F8A4837E97} = {517546A3-CA1B-4225-8880-4C4E31054675}
		{175AB682-2241-40C6-815A-1514DCE74567} = {517546A3-CA1B-4225-8880-4C4E31054675}
		{2CBE4038-1478-4690-865B-7924067E8A5A} = {517546A3-CA1B-4225-8880-4C4E31054675}
		{1EBA730D-7FD2-4718-9BF3-A89854D1F445} = {517546A3-CA1B-4225-8880-4C4E31054675}
		{9072BA3E-AAE7-4FE1-87D6-97ED4267629F} = {517546A3-CA1B-4225-8880-4C4E31054675}
		{6E119E87-0E7D-44B7-AF54-0AD416FF1D48} = {517546A3-CA1B-4225-8880-4C4E31054675}
		{2D60014B-5006-4BA7-B491-7CE17F800AC3} = {517546A3-CA1B-4225-8880-4C4E31054675}
		{59837223-8A76-4091-971E-E59EFDDC014A} = {517546A3-CA1B-4225-8880-4C4E31054675}
		{BE9ECCDD-F092-4454-B0F8-B4CCE157A6D0} = {517546A3-CA1B-4225-8880-4C4E31054675}
		{392295DB-E285-4DB7-9925-729FE80D39F1} = {517546A3-CA1B-4225-8880-4C4E31054675}
		{97E9EA5F-B013-4EE9-872C-2FA607D25BCC} = {517546A3-CA1B-4225-8880-4C4E31054675}
		{356F6E9B-A778-4332-BBE8-297E159F0B6C} = {517546A3-CA1B-4225-8880-4C4E31054675}
		{A29C82A1-263E-4D72-BD8E-F39BE27BF291} = {517546A3-CA1B-4225-8880-4C4E31054675}
		{5A215B8C-11BD-411B-BEE4-5383243F1550} = {517546A3-CA1B-4225-8880-4C4E31054675}
		{11B819D2-6320-4578-B3FF-50B1A4A1D57B} = {517546A3-CA1B-4225-8880-4C4E31054675}
		{50C79EC3-999D-4424-A1F9-4033160B733F} = {517546A3-CA1B-4225-8880-4C4E31054675}
		{0978A5F4-62EF-4564-B488-72F6EC0BE38A} = {517546A3-CA1B-4225-8880-4C4E31054675}
		{13EB94E9-B0E7-4DC8-AB37-D8723AED8C97} = {517546A3-CA1B-4225-8880-4C4E31054675}
		{C0571E80-30F8-49A3-80ED-FCBE1EF2A1CF} = {517546A3-CA1B-4225-8880-4C4E31054675}
		{919F2213-52CA-4482-B10B-AF9BDF62A64C} = {517546A3-CA1B-4225-8880-4C4E31054675}
		{97DFA17C-06C9-4CE8-8031-246F930FCCC7} = {517546A3-CA1B-4225-8880-4C4E31054675}
		{D184C0B8-3482-425F-A999-5746063FB685} = {321B167E-3E1F-48DF-8917-17793EAAC776}
		{249338BB-89C1-4D52-97F8-264DEFBB83F9} = {517546A3-CA1B-4225-8880-4C4E31054675}
		{4218D8BB-FFB1-462B-8D00-8CA04FF50AA7} = {73C9B08A-78E4-4E46-A447-B15341B5176F}
		{944D1260-C0ED-4F28-B295-73BD16778712} = {1E5DFA0E-01BC-4ED9-821F-B7F8A4837E97}
		{D7510EBB-160E-4850-A378-567161BE9CA9} = {175AB682-2241-40C6-815A-1514DCE74567}
		{258FC3E6-F4EE-4982-AE0E-A9A3FDA75DF9} = {2CBE4038-1478-4690-865B-7924067E8A5A}
		{FF2593EE-7A5D-412D-8B4E-F0007175B60D} = {1EBA730D-7FD2-4718-9BF3-A89854D1F445}
		{BCC3A570-A054-430D-9469-90275BFC5318} = {9072BA3E-AAE7-4FE1-87D6-97ED4267629F}
		{4A4ADE3F-1FC3-4172-9493-BB444318FE54} = {6E119E87-0E7D-44B7-AF54-0AD416FF1D48}
		{7FE2C44A-9FB1-4A5D-9C93-700FEC45279B} = {6E119E87-0E7D-44B7-AF54-0AD416FF1D48}
		{14BB7F92-C2D5-4980-A684-3A8E9949DD98} = {6E119E87-0E7D-44B7-AF54-0AD416FF1D48}
		{507D4037-E2E3-4158-B456-76FC8CC62412} = {6E119E87-0E7D-44B7-AF54-0AD416FF1D48}
		{D71CC468-494B-4DCC-85D0-081052EC060C} = {2D60014B-5006-4BA7-B491-7CE17F800AC3}
		{0D7A592B-1498-4BB4-8D01-522BBE8E115B} = {59837223-8A76-4091-971E-E59EFDDC014A}
		{02DAAE25-8730-4766-B341-D6CD23022929} = {BE9ECCDD-F092-4454-B0F8-B4CCE157A6D0}
		{60D9B5D1-8872-4537-A8BA-F320300A041F} = {392295DB-E285-4DB7-9925-729FE80D39F1}
		{C5A2DAC3-8EF3-47F1-896C-F9E9C39EFBF1} = {97E9EA5F-B013-4EE9-872C-2FA607D25BCC}
		{8E9EDDE7-F81B-48AF-ABF8-A920AC7E69FC} = {356F6E9B-A778-4332-BBE8-297E159F0B6C}
		{DBA51BA4-89C5-4346-875C-7DAAA01DB274} = {A29C82A1-263E-4D72-BD8E-F39BE27BF291}
		{9C436F7B-E1A4-42C8-A062-1132B69C07B1} = {5A215B8C-11BD-411B-BEE4-5383243F1550}
		{75C97C71-7A33-4506-BCC4-0D9546979E07} = {517546A3-CA1B-4225-8880-4C4E31054675}
		{72531C70-301E-42EB-A7C7-069617CD8999} = {75C97C71-7A33-4506-BCC4-0D9546979E07}
		{6DED945E-D1ED-41A8-9504-A9725603DD08} = {11B819D2-6320-4578-B3FF-50B1A4A1D57B}
		{A9DE8D1F-3EAD-41C4-B86C-12B405ED3035} = {50C79EC3-999D-4424-A1F9-4033160B733F}
		{E2DBAEEB-2E71-443D-ABEF-B2B8F5D23E17} = {50C79EC3-999D-4424-A1F9-4033160B733F}
		{920A3429-DE52-44A0-8545-2BB40F34D203} = {0978A5F4-62EF-4564-B488-72F6EC0BE38A}
		{5A09EE26-A1A7-4B22-8F4B-CA4F222D8341} = {0978A5F4-62EF-4564-B488-72F6EC0BE38A}
		{51A0AE2C-95AF-402D-994C-6762B18226AD} = {13EB94E9-B0E7-4DC8-AB37-D8723AED8C97}
		{2B2E2F34-42E5-4F21-919B-F14B04C8C760} = {C0571E80-30F8-49A3-80ED-FCBE1EF2A1CF}
		{2F65D822-EA6F-47B5-A4C5-CDC933A6963A} = {97DFA17C-06C9-4CE8-8031-246F930FCCC7}
		{01D51EEC-41CC-4BE9-AB67-9196EBDA1080} = {919F2213-52CA-4482-B10B-AF9BDF62A64C}
		{43134685-3C37-4698-97D8-446A1F01E310} = {D184C0B8-3482-425F-A999-5746063FB685}
		{B6277170-A547-4AB7-9708-85DBF80EF28B} = {321B167E-3E1F-48DF-8917-17793EAAC776}
		{F8821B15-37AA-45CA-89D4-5CF95E40498C} = {3C749F6C-5A8D-475D-BDE3-C4C09A798E68}
		{3C749F6C-5A8D-475D-BDE3-C4C09A798E68} = {517546A3-CA1B-4225-8880-4C4E31054675}
		{13B34CB7-D6F0-46E9-846A-5D3C0E7C3CD4} = {43EB1295-2834-444F-980B-64A1DA6AED55}
		{3AACDE0E-7AE1-4F5A-B9C7-39F610B91D7F} = {13B34CB7-D6F0-46E9-846A-5D3C0E7C3CD4}
		{147590DD-5730-4F80-AD10-92AC62F6C8C1} = {034C5317-FC8E-45B9-9BE6-897E4B456504}
		{AC7DD7DE-0561-4ABC-8625-C9317FD93D0B} = {3AACDE0E-7AE1-4F5A-B9C7-39F610B91D7F}
		{EEDCC8EA-ED8B-43DB-ABEE-9F176AD125B2} = {13B34CB7-D6F0-46E9-846A-5D3C0E7C3CD4}
		{E8719770-64B9-40FE-A883-15F5B7FE1E59} = {EEDCC8EA-ED8B-43DB-ABEE-9F176AD125B2}
		{A7BB7178-90B5-4D7C-BDB0-21492BC151B3} = {13B34CB7-D6F0-46E9-846A-5D3C0E7C3CD4}
		{542D9EC0-DA58-4646-8806-543DCF879726} = {A7BB7178-90B5-4D7C-BDB0-21492BC151B3}
		{E9325631-EC4F-4F92-A9EC-27A8CC818E22} = {13B34CB7-D6F0-46E9-846A-5D3C0E7C3CD4}
		{4128EF1A-A34C-44F4-AB97-6B19B6DB36B7} = {E9325631-EC4F-4F92-A9EC-27A8CC818E22}
		{560D23C4-572A-47A4-8157-43A7B58D7E59} = {13B34CB7-D6F0-46E9-846A-5D3C0E7C3CD4}
		{B50E1E6F-44DC-43E2-B166-3C408329F576} = {560D23C4-572A-47A4-8157-43A7B58D7E59}
		{B0184E23-2C04-4B9E-8A11-0B4887BE5651} = {43EB1295-2834-444F-980B-64A1DA6AED55}
		{B21B1EF0-97BF-4119-A757-00DBD577E83E} = {B0184E23-2C04-4B9E-8A11-0B4887BE5651}
		{9609CD98-CE45-42FA-AB23-06343B9E7287} = {0369EECF-8D50-4677-BB4F-D6C24C955D94}
		{0369EECF-8D50-4677-BB4F-D6C24C955D94} = {43EB1295-2834-444F-980B-64A1DA6AED55}
		{5B7A79C4-0BC9-4BF8-937D-A0ACFE9D67A3} = {43EB1295-2834-444F-980B-64A1DA6AED55}
		{77D16834-8B7E-4B30-B1C7-83FAD71E12B3} = {5B7A79C4-0BC9-4BF8-937D-A0ACFE9D67A3}
		{E27E8CDD-90F5-4C29-9C3C-F93DF092C2B4} = {77D16834-8B7E-4B30-B1C7-83FAD71E12B3}
		{6F0C366C-D8EE-43A3-ADF3-B72CFEE3AA26} = {13B34CB7-D6F0-46E9-846A-5D3C0E7C3CD4}
		{77D0C0B1-E7AD-4CAC-9AB7-721679FB2CFB} = {6F0C366C-D8EE-43A3-ADF3-B72CFEE3AA26}
		{21A960EE-D957-4C33-93C5-7B2383EE7029} = {13B34CB7-D6F0-46E9-846A-5D3C0E7C3CD4}
		{92904E4D-7946-4AF6-AA81-1BFFDA905C92} = {21A960EE-D957-4C33-93C5-7B2383EE7029}
		{03220DAF-EA09-4E8A-8DAF-154212020C74} = {13B34CB7-D6F0-46E9-846A-5D3C0E7C3CD4}
		{040C815C-CC5D-45F2-B3A5-E38246E51BCD} = {03220DAF-EA09-4E8A-8DAF-154212020C74}
		{F882FB83-2F79-4425-97A7-49D0CD21A1F8} = {13B34CB7-D6F0-46E9-846A-5D3C0E7C3CD4}
		{80D3CEB3-257F-4B15-ACC8-38ABECC37CEC} = {F882FB83-2F79-4425-97A7-49D0CD21A1F8}
		{7AC10FDC-9E61-4E04-83D3-864E3312F6E7} = {13B34CB7-D6F0-46E9-846A-5D3C0E7C3CD4}
		{655174C8-F2FC-4222-9C43-87BC72D8B283} = {7AC10FDC-9E61-4E04-83D3-864E3312F6E7}
		{8436B054-558B-4B28-97C4-177CBB132413} = {13B34CB7-D6F0-46E9-846A-5D3C0E7C3CD4}
		{B8AFD24A-5915-476B-9679-7D37E71807B2} = {8436B054-558B-4B28-97C4-177CBB132413}
		{324FE2CF-0AAB-44F2-B9D0-6682F9638501} = {13B34CB7-D6F0-46E9-846A-5D3C0E7C3CD4}
		{0269A680-A22C-4B8E-9726-525A8621750D} = {324FE2CF-0AAB-44F2-B9D0-6682F9638501}
		{6FE7DFCF-B1EA-4A02-A0E7-E66C89CD3500} = {13B34CB7-D6F0-46E9-846A-5D3C0E7C3CD4}
		{4B82730E-7580-431A-AAB4-4B935B278DC4} = {6FE7DFCF-B1EA-4A02-A0E7-E66C89CD3500}
		{2596DA6E-14A4-470F-81C4-2D6DBA79C396} = {4B82730E-7580-431A-AAB4-4B935B278DC4}
		{774A466A-19A5-4EBD-AE6A-FF2BF0FD056B} = {6FE7DFCF-B1EA-4A02-A0E7-E66C89CD3500}
		{496C364C-828F-4AB9-83DE-2FAB87C29EF4} = {774A466A-19A5-4EBD-AE6A-FF2BF0FD056B}
		{88EEDDD8-0EF7-4514-8CFA-34B36CB03438} = {6FE7DFCF-B1EA-4A02-A0E7-E66C89CD3500}
		{ED47221D-A04B-4301-9F78-681FDD05AD53} = {88EEDDD8-0EF7-4514-8CFA-34B36CB03438}
		{1769639E-7680-4CFD-94FC-36887EBC1F59} = {6FE7DFCF-B1EA-4A02-A0E7-E66C89CD3500}
		{DA45B33F-601A-4E08-94C0-B93F4D7A5221} = {1769639E-7680-4CFD-94FC-36887EBC1F59}
		{ED0102C1-CCE4-46DA-B6D3-8B7EC7494B8D} = {13B34CB7-D6F0-46E9-846A-5D3C0E7C3CD4}
		{B934AC72-58E1-4721-8CB8-595DA41EFA54} = {ED0102C1-CCE4-46DA-B6D3-8B7EC7494B8D}
		{67FD6957-86EA-4D4B-83C7-21EE2124F1FC} = {B934AC72-58E1-4721-8CB8-595DA41EFA54}
		{A86A03AE-FD39-466C-8D30-70969B77F2E9} = {F1C43FDF-BAAB-4F6E-BE9A-F8590790A0C9}
		{F1C43FDF-BAAB-4F6E-BE9A-F8590790A0C9} = {ED0102C1-CCE4-46DA-B6D3-8B7EC7494B8D}
		{9B0AAC51-EF7E-47CC-AF18-4035F5B32FA2} = {ED0102C1-CCE4-46DA-B6D3-8B7EC7494B8D}
		{5105A4B0-9B98-4FCA-9431-077B27935B16} = {9B0AAC51-EF7E-47CC-AF18-4035F5B32FA2}
		{8027BBAA-CA9B-4772-AC6D-7B542373EE84} = {13B34CB7-D6F0-46E9-846A-5D3C0E7C3CD4}
		{BB1FB11B-8DA1-49C8-9C64-71F770B10D0C} = {8027BBAA-CA9B-4772-AC6D-7B542373EE84}
		{AF1E6FAF-5E93-4EE9-BC67-C136E51BF312} = {8027BBAA-CA9B-4772-AC6D-7B542373EE84}
		{C37E8187-C021-4C87-A3B6-4459FB0C7326} = {AF1E6FAF-5E93-4EE9-BC67-C136E51BF312}
		{5F84C5FF-33FD-4AB8-9617-364002579448} = {8027BBAA-CA9B-4772-AC6D-7B542373EE84}
		{80B40910-4863-4507-BB20-85365C0D0031} = {5F84C5FF-33FD-4AB8-9617-364002579448}
		{AA9C0A15-55AC-48F6-856A-4F9FD1BE812C} = {13B34CB7-D6F0-46E9-846A-5D3C0E7C3CD4}
		{FAC446AE-D55F-4082-B05D-BDBC768C2F40} = {AA9C0A15-55AC-48F6-856A-4F9FD1BE812C}
		{564FAE3D-F330-4879-B5BF-3EFD2FC3B9AD} = {43EB1295-2834-444F-980B-64A1DA6AED55}
		{019BE330-136F-4C19-BB22-BDCA06DB9417} = {564FAE3D-F330-4879-B5BF-3EFD2FC3B9AD}
		{3B34AACA-DB3F-4C4B-8275-E0A987D70C0E} = {AA9C0A15-55AC-48F6-856A-4F9FD1BE812C}
		{23206A28-9E0B-40DC-BBE4-7E6AADD26633} = {3B34AACA-DB3F-4C4B-8275-E0A987D70C0E}
		{67930FC7-9026-4426-8E51-3FD1C890891C} = {13B34CB7-D6F0-46E9-846A-5D3C0E7C3CD4}
		{4933F9BA-9DAD-4FE3-BA98-B4D85AF936B7} = {67930FC7-9026-4426-8E51-3FD1C890891C}
		{64E47D24-D08F-4B7F-927A-111EF8FE8223} = {4933F9BA-9DAD-4FE3-BA98-B4D85AF936B7}
		{893E7402-2C62-49A5-B35C-752B3D8A6A50} = {43EB1295-2834-444F-980B-64A1DA6AED55}
		{C7B0E971-CB76-4DA1-8125-38407FA726DC} = {893E7402-2C62-49A5-B35C-752B3D8A6A50}
		{90A29F9F-C71B-4CF7-B3C7-50BC9D004DE3} = {C7B0E971-CB76-4DA1-8125-38407FA726DC}
		{2BAFCFA3-97EF-47D9-BBF4-95D92DBB48B1} = {A60606AF-30E6-4F95-B99D-1BBD2495811E}
		{3C893455-E386-4654-A66C-A6477F310A61} = {A60606AF-30E6-4F95-B99D-1BBD2495811E}
		{5911CF66-BBD9-4C26-80D9-1A26C028DF5A} = {3C893455-E386-4654-A66C-A6477F310A61}
		{49E4A5EF-095E-4646-91F1-BE75475CF8F2} = {A60606AF-30E6-4F95-B99D-1BBD2495811E}
		{0D3DC3E2-6919-4CCC-BD65-13F89C2B7F79} = {49E4A5EF-095E-4646-91F1-BE75475CF8F2}
		{1E6BE490-9DED-4352-93D7-EF9605A96E26} = {49E4A5EF-095E-4646-91F1-BE75475CF8F2}
		{50886515-503A-40A5-9C49-D6D3BA11FC32} = {A60606AF-30E6-4F95-B99D-1BBD2495811E}
		{9A2B0D28-D019-4829-A9EB-E56D528C76FB} = {A60606AF-30E6-4F95-B99D-1BBD2495811E}
		{B5281B36-E768-49A8-AE52-609A1D635DEF} = {9A2B0D28-D019-4829-A9EB-E56D528C76FB}
		{2F73259D-1FB8-4B6A-9550-BEFF8301589A} = {A60606AF-30E6-4F95-B99D-1BBD2495811E}
	EndGlobalSection
EndGlobal
